{
  "object": {
    "pins": [
      {
        "package": "TimelaneCore",
        "repositoryURL": "https://github.com/icanzilb/TimelaneCore",
        "state": {
          "branch": null,
          "revision": "b50ca3c21f288f8995026c9604f949a41d0c0590",
          "version": "0.9.0"
        }
      }
    ]
  },
  "version": 1
}
